
Microsoft Visual Studio Solution File, Format Version 12.00
# Visual Studio Version 17
VisualStudioVersion = 17.4.33213.308
MinimumVisualStudioVersion = 10.0.40219.1
Project("{FAE04EC0-301F-11D3-BF4B-00C04F79EFBC}") = "ChartReview", "ChartReview.csproj", "{D3E67BBD-815D-4747-A865-2A0BDED37FDB}"
EndProject
Global
	GlobalSection(SolutionConfigurationPlatforms) = preSolution
		Debug|Any CPU = Debug|Any CPU
		Release|Any CPU = Release|Any CPU
	EndGlobalSection
	GlobalSection(ProjectConfigurationPlatforms) = postSolution
		{D3E67BBD-815D-4747-A865-2A0BDED37FDB}.Debug|Any CPU.ActiveCfg = Debug|Any CPU
		{D3E67BBD-815D-4747-A865-2A0BDED37FDB}.Debug|Any CPU.Build.0 = Debug|Any CPU
		{D3E67BBD-815D-4747-A865-2A0BDED37FDB}.Release|Any CPU.ActiveCfg = Release|Any CPU
		{D3E67BBD-815D-4747-A865-2A0BDED37FDB}.Release|Any CPU.Build.0 = Release|Any CPU
	EndGlobalSection
	GlobalSection(SolutionProperties) = preSolution
		HideSolutionNode = FALSE
	EndGlobalSection
	GlobalSection(ExtensibilityGlobals) = postSolution
		SolutionGuid = {D93294E3-F421-471E-AA88-B9007596C28A}
	EndGlobalSection
EndGlobal
